
Microsoft Visual Studio Solution File, Format Version 12.00
# Visual Studio Version 17
VisualStudioVersion = 17.6.33815.320
MinimumVisualStudioVersion = 10.0.40219.1
Project("{FAE04EC0-301F-11D3-BF4B-00C04F79EFBC}") = "Studio Theme Manager", "Studio Theme Manager.csproj", "{89A3D632-D1CE-4DE7-8705-433B8ABD354F}"
EndProject
Global
	GlobalSection(SolutionConfigurationPlatforms) = preSolution
		Debug|Any CPU = Debug|Any CPU
		Release|Any CPU = Release|Any CPU
	EndGlobalSection
	GlobalSection(ProjectConfigurationPlatforms) = postSolution
		{89A3D632-D1CE-4DE7-8705-433B8ABD354F}.Debug|Any CPU.ActiveCfg = Debug|Any CPU
		{89A3D632-D1CE-4DE7-8705-433B8ABD354F}.Debug|Any CPU.Build.0 = Debug|Any CPU
		{89A3D632-D1CE-4DE7-8705-433B8ABD354F}.Release|Any CPU.ActiveCfg = Release|Any CPU
		{89A3D632-D1CE-4DE7-8705-433B8ABD354F}.Release|Any CPU.Build.0 = Release|Any CPU
	EndGlobalSection
	GlobalSection(SolutionProperties) = preSolution
		HideSolutionNode = FALSE
	EndGlobalSection
	GlobalSection(ExtensibilityGlobals) = postSolution
		SolutionGuid = {B1C64AF7-EEF1-448B-B216-8AD36A176DF0}
	EndGlobalSection
EndGlobal
